
Microsoft Visual Studio Solution File, Format Version 12.00
# Visual Studio Version 16
VisualStudioVersion = 16.0.31205.134
MinimumVisualStudioVersion = 10.0.40219.1
Project("{FAE04EC0-301F-11D3-BF4B-00C04F79EFBC}") = "HaloScriptPreprocessor", "HaloScriptPreprocessor\HaloScriptPreprocessor.csproj", "{77D91301-A631-4B86-89F5-71E5E891FB59}"
EndProject
Project("{FAE04EC0-301F-11D3-BF4B-00C04F79EFBC}") = "HaloScriptPreprocessor.Tests", "HaloScriptPreprocessor.Tests\HaloScriptPreprocessor.Tests.csproj", "{D2E25E34-5807-4352-BFDF-8E9A17589E4C}"
EndProject
Global
	GlobalSection(SolutionConfigurationPlatforms) = preSolution
		Debug|Any CPU = Debug|Any CPU
		Release|Any CPU = Release|Any CPU
	EndGlobalSection
	GlobalSection(ProjectConfigurationPlatforms) = postSolution
		{77D91301-A631-4B86-89F5-71E5E891FB59}.Debug|Any CPU.ActiveCfg = Debug|Any CPU
		{77D91301-A631-4B86-89F5-71E5E891FB59}.Debug|Any CPU.Build.0 = Debug|Any CPU
		{77D91301-A631-4B86-89F5-71E5E891FB59}.Release|Any CPU.ActiveCfg = Release|Any CPU
		{77D91301-A631-4B86-89F5-71E5E891FB59}.Release|Any CPU.Build.0 = Release|Any CPU
		{D2E25E34-5807-4352-BFDF-8E9A17589E4C}.Debug|Any CPU.ActiveCfg = Debug|Any CPU
		{D2E25E34-5807-4352-BFDF-8E9A17589E4C}.Debug|Any CPU.Build.0 = Debug|Any CPU
		{D2E25E34-5807-4352-BFDF-8E9A17589E4C}.Release|Any CPU.ActiveCfg = Release|Any CPU
		{D2E25E34-5807-4352-BFDF-8E9A17589E4C}.Release|Any CPU.Build.0 = Release|Any CPU
	EndGlobalSection
	GlobalSection(SolutionProperties) = preSolution
		HideSolutionNode = FALSE
	EndGlobalSection
	GlobalSection(ExtensibilityGlobals) = postSolution
		SolutionGuid = {7A863FED-275F-472D-A969-C9A39936CF1A}
	EndGlobalSection
EndGlobal
